
Microsoft Visual Studio Solution File, Format Version 12.00
# Visual Studio 15
VisualStudioVersion = 15.0.27130.2027
MinimumVisualStudioVersion = 10.0.40219.1
Project("{FAE04EC0-301F-11D3-BF4B-00C04F79EFBC}") = "BashSoft", "BashSoft\BashSoft.csproj", "{A38EBC12-5551-4ADB-A234-2A858B3A6376}"
EndProject
Global
	GlobalSection(SolutionConfigurationPlatforms) = preSolution
		Debug|Any CPU = Debug|Any CPU
		Release|Any CPU = Release|Any CPU
	EndGlobalSection
	GlobalSection(ProjectConfigurationPlatforms) = postSolution
		{A38EBC12-5551-4ADB-A234-2A858B3A6376}.Debug|Any CPU.ActiveCfg = Debug|Any CPU
		{A38EBC12-5551-4ADB-A234-2A858B3A6376}.Debug|Any CPU.Build.0 = Debug|Any CPU
		{A38EBC12-5551-4ADB-A234-2A858B3A6376}.Release|Any CPU.ActiveCfg = Release|Any CPU
		{A38EBC12-5551-4ADB-A234-2A858B3A6376}.Release|Any CPU.Build.0 = Release|Any CPU
	EndGlobalSection
	GlobalSection(SolutionProperties) = preSolution
		HideSolutionNode = FALSE
	EndGlobalSection
	GlobalSection(ExtensibilityGlobals) = postSolution
		SolutionGuid = {D007C8E0-164B-4C2B-B720-FB2E72F2228D}
	EndGlobalSection
EndGlobal
